// !$*UTF8*$!
{
	archiveVersion = 1;
	classes = {
	};
	objectVersion = 46;
	objects = {

/* Begin PBXBuildFile section */
		AB9417411B99DEB60011C471 /* AppDelegate.swift in Sources */ = {isa = PBXBuildFile; fileRef = AB9417401B99DEB60011C471 /* AppDelegate.swift */; };
		AB9417441B99DEB60011C471 /* iOU.xcdatamodeld in Sources */ = {isa = PBXBuildFile; fileRef = AB9417421B99DEB60011C471 /* iOU.xcdatamodeld */; };
		AB9417461B99DEB60011C471 /* SummaryViewController.swift in Sources */ = {isa = PBXBuildFile; fileRef = AB9417451B99DEB60011C471 /* SummaryViewController.swift */; };
		AB9417491B99DEB60011C471 /* Main.storyboard in Resources */ = {isa = PBXBuildFile; fileRef = AB9417471B99DEB60011C471 /* Main.storyboard */; };
		AB94174B1B99DEB60011C471 /* Images.xcassets in Resources */ = {isa = PBXBuildFile; fileRef = AB94174A1B99DEB60011C471 /* Images.xcassets */; };
		AB94174E1B99DEB60011C471 /* LaunchScreen.xib in Resources */ = {isa = PBXBuildFile; fileRef = AB94174C1B99DEB60011C471 /* LaunchScreen.xib */; };
		AB94175A1B99DEB70011C471 /* iOUTests.swift in Sources */ = {isa = PBXBuildFile; fileRef = AB9417591B99DEB70011C471 /* iOUTests.swift */; };
		AB9417641B99EB4D0011C471 /* Theme.swift in Sources */ = {isa = PBXBuildFile; fileRef = AB9417631B99EB4D0011C471 /* Theme.swift */; };
/* End PBXBuildFile section */

/* Begin PBXContainerItemProxy section */
		AB9417541B99DEB70011C471 /* PBXContainerItemProxy */ = {
			isa = PBXContainerItemProxy;
			containerPortal = AB9417331B99DEB60011C471 /* Project object */;
			proxyType = 1;
			remoteGlobalIDString = AB94173A1B99DEB60011C471;
			remoteInfo = iOU;
		};
/* End PBXContainerItemProxy section */

/* Begin PBXFileReference section */
		AB94173B1B99DEB60011C471 /* iOU.app */ = {isa = PBXFileReference; explicitFileType = wrapper.application; includeInIndex = 0; path = iOU.app; sourceTree = BUILT_PRODUCTS_DIR; };
		AB94173F1B99DEB60011C471 /* Info.plist */ = {isa = PBXFileReference; lastKnownFileType = text.plist.xml; path = Info.plist; sourceTree = "<group>"; };
		AB9417401B99DEB60011C471 /* AppDelegate.swift */ = {isa = PBXFileReference; lastKnownFileType = sourcecode.swift; path = AppDelegate.swift; sourceTree = "<group>"; };
		AB9417431B99DEB60011C471 /* iOU.xcdatamodel */ = {isa = PBXFileReference; lastKnownFileType = wrapper.xcdatamodel; path = iOU.xcdatamodel; sourceTree = "<group>"; };
		AB9417451B99DEB60011C471 /* SummaryViewController.swift */ = {isa = PBXFileReference; lastKnownFileType = sourcecode.swift; path = SummaryViewController.swift; sourceTree = "<group>"; };
		AB9417481B99DEB60011C471 /* Base */ = {isa = PBXFileReference; lastKnownFileType = file.storyboard; name = Base; path = Base.lproj/Main.storyboard; sourceTree = "<group>"; };
		AB94174A1B99DEB60011C471 /* Images.xcassets */ = {isa = PBXFileReference; lastKnownFileType = folder.assetcatalog; path = Images.xcassets; sourceTree = "<group>"; };
		AB94174D1B99DEB60011C471 /* Base */ = {isa = PBXFileReference; lastKnownFileType = file.xib; name = Base; path = Base.lproj/LaunchScreen.xib; sourceTree = "<group>"; };
		AB9417531B99DEB70011C471 /* iOUTests.xctest */ = {isa = PBXFileReference; explicitFileType = wrapper.cfbundle; includeInIndex = 0; path = iOUTests.xctest; sourceTree = BUILT_PRODUCTS_DIR; };
		AB9417581B99DEB70011C471 /* Info.plist */ = {isa = PBXFileReference; lastKnownFileType = text.plist.xml; path = Info.plist; sourceTree = "<group>"; };
		AB9417591B99DEB70011C471 /* iOUTests.swift */ = {isa = PBXFileReference; lastKnownFileType = sourcecode.swift; path = iOUTests.swift; sourceTree = "<group>"; };
		AB9417631B99EB4D0011C471 /* Theme.swift */ = {isa = PBXFileReference; fileEncoding = 4; lastKnownFileType = sourcecode.swift; path = Theme.swift; sourceTree = "<group>"; };
/* End PBXFileReference section */

/* Begin PBXFrameworksBuildPhase section */
		AB9417381B99DEB60011C471 /* Frameworks */ = {
			isa = PBXFrameworksBuildPhase;
			buildActionMask = 2147483647;
			files = (
			);
			runOnlyForDeploymentPostprocessing = 0;
		};
		AB9417501B99DEB70011C471 /* Frameworks */ = {
			isa = PBXFrameworksBuildPhase;
			buildActionMask = 2147483647;
			files = (
			);
			runOnlyForDeploymentPostprocessing = 0;
		};
/* End PBXFrameworksBuildPhase section */

/* Begin PBXGroup section */
		AB9417321B99DEB60011C471 = {
			isa = PBXGroup;
			children = (
				AB94173D1B99DEB60011C471 /* iOU */,
				AB9417561B99DEB70011C471 /* iOUTests */,
				AB94173C1B99DEB60011C471 /* Products */,
			);
			sourceTree = "<group>";
		};
		AB94173C1B99DEB60011C471 /* Products */ = {
			isa = PBXGroup;
			children = (
				AB94173B1B99DEB60011C471 /* iOU.app */,
				AB9417531B99DEB70011C471 /* iOUTests.xctest */,
			);
			name = Products;
			sourceTree = "<group>";
		};
		AB94173D1B99DEB60011C471 /* iOU */ = {
			isa = PBXGroup;
			children = (
				AB9417401B99DEB60011C471 /* AppDelegate.swift */,
				AB9417451B99DEB60011C471 /* SummaryViewController.swift */,
				AB9417471B99DEB60011C471 /* Main.storyboard */,
				AB94174A1B99DEB60011C471 /* Images.xcassets */,
				AB94174C1B99DEB60011C471 /* LaunchScreen.xib */,
				AB9417421B99DEB60011C471 /* iOU.xcdatamodeld */,
				AB94173E1B99DEB60011C471 /* Supporting Files */,
				AB9417631B99EB4D0011C471 /* Theme.swift */,
			);
			path = iOU;
			sourceTree = "<group>";
		};
		AB94173E1B99DEB60011C471 /* Supporting Files */ = {
			isa = PBXGroup;
			children = (
				AB94173F1B99DEB60011C471 /* Info.plist */,
			);
			name = "Supporting Files";
			sourceTree = "<group>";
		};
		AB9417561B99DEB70011C471 /* iOUTests */ = {
			isa = PBXGroup;
			children = (
				AB9417591B99DEB70011C471 /* iOUTests.swift */,
				AB9417571B99DEB70011C471 /* Supporting Files */,
			);
			path = iOUTests;
			sourceTree = "<group>";
		};
		AB9417571B99DEB70011C471 /* Supporting Files */ = {
			isa = PBXGroup;
			children = (
				AB9417581B99DEB70011C471 /* Info.plist */,
			);
			name = "Supporting Files";
			sourceTree = "<group>";
		};
/* End PBXGroup section */

/* Begin PBXNativeTarget section */
		AB94173A1B99DEB60011C471 /* iOU */ = {
			isa = PBXNativeTarget;
			buildConfigurationList = AB94175D1B99DEB70011C471 /* Build configuration list for PBXNativeTarget "iOU" */;
			buildPhases = (
				AB9417371B99DEB60011C471 /* Sources */,
				AB9417381B99DEB60011C471 /* Frameworks */,
				AB9417391B99DEB60011C471 /* Resources */,
			);
			buildRules = (
			);
			dependencies = (
			);
			name = iOU;
			productName = iOU;
			productReference = AB94173B1B99DEB60011C471 /* iOU.app */;
			productType = "com.apple.product-type.application";
		};
		AB9417521B99DEB70011C471 /* iOUTests */ = {
			isa = PBXNativeTarget;
			buildConfigurationList = AB9417601B99DEB70011C471 /* Build configuration list for PBXNativeTarget "iOUTests" */;
			buildPhases = (
				AB94174F1B99DEB70011C471 /* Sources */,
				AB9417501B99DEB70011C471 /* Frameworks */,
				AB9417511B99DEB70011C471 /* Resources */,
			);
			buildRules = (
			);
			dependencies = (
				AB9417551B99DEB70011C471 /* PBXTargetDependency */,
			);
			name = iOUTests;
			productName = iOUTests;
			productReference = AB9417531B99DEB70011C471 /* iOUTests.xctest */;
			productType = "com.apple.product-type.bundle.unit-test";
		};
/* End PBXNativeTarget section */

/* Begin PBXProject section */
		AB9417331B99DEB60011C471 /* Project object */ = {
			isa = PBXProject;
			attributes = {
				LastUpgradeCheck = 0640;
				ORGANIZATIONNAME = "Jonathan Warner";
				TargetAttributes = {
					AB94173A1B99DEB60011C471 = {
						CreatedOnToolsVersion = 6.4;
					};
					AB9417521B99DEB70011C471 = {
						CreatedOnToolsVersion = 6.4;
						TestTargetID = AB94173A1B99DEB60011C471;
					};
				};
			};
			buildConfigurationList = AB9417361B99DEB60011C471 /* Build configuration list for PBXProject "iOU" */;
			compatibilityVersion = "Xcode 3.2";
			developmentRegion = English;
			hasScannedForEncodings = 0;
			knownRegions = (
				en,
				Base,
			);
			mainGroup = AB9417321B99DEB60011C471;
			productRefGroup = AB94173C1B99DEB60011C471 /* Products */;
			projectDirPath = "";
			projectRoot = "";
			targets = (
				AB94173A1B99DEB60011C471 /* iOU */,
				AB9417521B99DEB70011C471 /* iOUTests */,
			);
		};
/* End PBXProject section */

/* Begin PBXResourcesBuildPhase section */
		AB9417391B99DEB60011C471 /* Resources */ = {
			isa = PBXResourcesBuildPhase;
			buildActionMask = 2147483647;
			files = (
				AB9417491B99DEB60011C471 /* Main.storyboard in Resources */,
				AB94174E1B99DEB60011C471 /* LaunchScreen.xib in Resources */,
				AB94174B1B99DEB60011C471 /* Images.xcassets in Resources */,
			);
			runOnlyForDeploymentPostprocessing = 0;
		};
		AB9417511B99DEB70011C471 /* Resources */ = {
			isa = PBXResourcesBuildPhase;
			buildActionMask = 2147483647;
			files = (
			);
			runOnlyForDeploymentPostprocessing = 0;
		};
/* End PBXResourcesBuildPhase section */

/* Begin PBXSourcesBuildPhase section */
		AB9417371B99DEB60011C471 /* Sources */ = {
			isa = PBXSourcesBuildPhase;
			buildActionMask = 2147483647;
			files = (
				AB9417461B99DEB60011C471 /* SummaryViewController.swift in Sources */,
				AB9417641B99EB4D0011C471 /* Theme.swift in Sources */,
				AB9417411B99DEB60011C471 /* AppDelegate.swift in Sources */,
				AB9417441B99DEB60011C471 /* iOU.xcdatamodeld in Sources */,
			);
			runOnlyForDeploymentPostprocessing = 0;
		};
		AB94174F1B99DEB70011C471 /* Sources */ = {
			isa = PBXSourcesBuildPhase;
			buildActionMask = 2147483647;
			files = (
				AB94175A1B99DEB70011C471 /* iOUTests.swift in Sources */,
			);
			runOnlyForDeploymentPostprocessing = 0;
		};
/* End PBXSourcesBuildPhase section */

/* Begin PBXTargetDependency section */
		AB9417551B99DEB70011C471 /* PBXTargetDependency */ = {
			isa = PBXTargetDependency;
			target = AB94173A1B99DEB60011C471 /* iOU */;
			targetProxy = AB9417541B99DEB70011C471 /* PBXContainerItemProxy */;
		};
/* End PBXTargetDependency section */

/* Begin PBXVariantGroup section */
		AB9417471B99DEB60011C471 /* Main.storyboard */ = {
			isa = PBXVariantGroup;
			children = (
				AB9417481B99DEB60011C471 /* Base */,
			);
			name = Main.storyboard;
			sourceTree = "<group>";
		};
		AB94174C1B99DEB60011C471 /* LaunchScreen.xib */ = {
			isa = PBXVariantGroup;
			children = (
				AB94174D1B99DEB60011C471 /* Base */,
			);
			name = LaunchScreen.xib;
			sourceTree = "<group>";
		};
/* End PBXVariantGroup section */

/* Begin XCBuildConfiguration section */
		AB94175B1B99DEB70011C471 /* Debug */ = {
			isa = XCBuildConfiguration;
			buildSettings = {
				ALWAYS_SEARCH_USER_PATHS = NO;
				CLANG_CXX_LANGUAGE_STANDARD = "gnu++0x";
				CLANG_CXX_LIBRARY = "libc++";
				CLANG_ENABLE_MODULES = YES;
				CLANG_ENABLE_OBJC_ARC = YES;
				CLANG_WARN_BOOL_CONVERSION = YES;
				CLANG_WARN_CONSTANT_CONVERSION = YES;
				CLANG_WARN_DIRECT_OBJC_ISA_USAGE = YES_ERROR;
				CLANG_WARN_EMPTY_BODY = YES;
				CLANG_WARN_ENUM_CONVERSION = YES;
				CLANG_WARN_INT_CONVERSION = YES;
				CLANG_WARN_OBJC_ROOT_CLASS = YES_ERROR;
				CLANG_WARN_UNREACHABLE_CODE = YES;
				CLANG_WARN__DUPLICATE_METHOD_MATCH = YES;
				"CODE_SIGN_IDENTITY[sdk=iphoneos*]" = "iPhone Developer";
				COPY_PHASE_STRIP = NO;
				DEBUG_INFORMATION_FORMAT = "dwarf-with-dsym";
				ENABLE_STRICT_OBJC_MSGSEND = YES;
				GCC_C_LANGUAGE_STANDARD = gnu99;
				GCC_DYNAMIC_NO_PIC = NO;
				GCC_NO_COMMON_BLOCKS = YES;
				GCC_OPTIMIZATION_LEVEL = 0;
				GCC_PREPROCESSOR_DEFINITIONS = (
					"DEBUG=1",
					"$(inherited)",
				);
				GCC_SYMBOLS_PRIVATE_EXTERN = NO;
				GCC_WARN_64_TO_32_BIT_CONVERSION = YES;
				GCC_WARN_ABOUT_RETURN_TYPE = YES_ERROR;
				GCC_WARN_UNDECLARED_SELECTOR = YES;
				GCC_WARN_UNINITIALIZED_AUTOS = YES_AGGRESSIVE;
				GCC_WARN_UNUSED_FUNCTION = YES;
				GCC_WARN_UNUSED_VARIABLE = YES;
				IPHONEOS_DEPLOYMENT_TARGET = 8.4;
				MTL_ENABLE_DEBUG_INFO = YES;
				ONLY_ACTIVE_ARCH = YES;
				SDKROOT = iphoneos;
				SWIFT_OPTIMIZATION_LEVEL = "-Onone";
			};
			name = Debug;
		};
		AB94175C1B99DEB70011C471 /* Release */ = {
			isa = XCBuildConfiguration;
			buildSettings = {
				ALWAYS_SEARCH_USER_PATHS = NO;
				CLANG_CXX_LANGUAGE_STANDARD = "gnu++0x";
				CLANG_CXX_LIBRARY = "libc++";
				CLANG_ENABLE_MODULES = YES;
				CLANG_ENABLE_OBJC_ARC = YES;
				CLANG_WARN_BOOL_CONVERSION = YES;
				CLANG_WARN_CONSTANT_CONVERSION = YES;
				CLANG_WARN_DIRECT_OBJC_ISA_USAGE = YES_ERROR;
				CLANG_WARN_EMPTY_BODY = YES;
				CLANG_WARN_ENUM_CONVERSION = YES;
				CLANG_WARN_INT_CONVERSION = YES;
				CLANG_WARN_OBJC_ROOT_CLASS = YES_ERROR;
				CLANG_WARN_UNREACHABLE_CODE = YES;
				CLANG_WARN__DUPLICATE_METHOD_MATCH = YES;
				"CODE_SIGN_IDENTITY[sdk=iphoneos*]" = "iPhone Developer";
				COPY_PHASE_STRIP = NO;
				DEBUG_INFORMATION_FORMAT = "dwarf-with-dsym";
				ENABLE_NS_ASSERTIONS = NO;
				ENABLE_STRICT_OBJC_MSGSEND = YES;
				GCC_C_LANGUAGE_STANDARD = gnu99;
				GCC_NO_COMMON_BLOCKS = YES;
				GCC_WARN_64_TO_32_BIT_CONVERSION = YES;
				GCC_WARN_ABOUT_RETURN_TYPE = YES_ERROR;
				GCC_WARN_UNDECLARED_SELECTOR = YES;
				GCC_WARN_UNINITIALIZED_AUTOS = YES_AGGRESSIVE;
				GCC_WARN_UNUSED_FUNCTION = YES;
				GCC_WARN_UNUSED_VARIABLE = YES;
				IPHONEOS_DEPLOYMENT_TARGET = 8.4;
				MTL_ENABLE_DEBUG_INFO = NO;
				SDKROOT = iphoneos;
				VALIDATE_PRODUCT = YES;
			};
			name = Release;
		};
		AB94175E1B99DEB70011C471 /* Debug */ = {
			isa = XCBuildConfiguration;
			buildSettings = {
				ASSETCATALOG_COMPILER_APPICON_NAME = AppIcon;
				INFOPLIST_FILE = iOU/Info.plist;
				LD_RUNPATH_SEARCH_PATHS = "$(inherited) @executable_path/Frameworks";
				PRODUCT_NAME = "$(TARGET_NAME)";
			};
			name = Debug;
		};
		AB94175F1B99DEB70011C471 /* Release */ = {
			isa = XCBuildConfiguration;
			buildSettings = {
				ASSETCATALOG_COMPILER_APPICON_NAME = AppIcon;
				INFOPLIST_FILE = iOU/Info.plist;
				LD_RUNPATH_SEARCH_PATHS = "$(inherited) @executable_path/Frameworks";
				PRODUCT_NAME = "$(TARGET_NAME)";
			};
			name = Release;
		};
		AB9417611B99DEB70011C471 /* Debug */ = {
			isa = XCBuildConfiguration;
			buildSettings = {
				BUNDLE_LOADER = "$(TEST_HOST)";
				FRAMEWORK_SEARCH_PATHS = (
					"$(SDKROOT)/Developer/Library/Frameworks",
					"$(inherited)",
				);
				GCC_PREPROCESSOR_DEFINITIONS = (
					"DEBUG=1",
					"$(inherited)",
				);
				INFOPLIST_FILE = iOUTests/Info.plist;
				LD_RUNPATH_SEARCH_PATHS = "$(inherited) @executable_path/Frameworks @loader_path/Frameworks";
				PRODUCT_NAME = "$(TARGET_NAME)";
				TEST_HOST = "$(BUILT_PRODUCTS_DIR)/iOU.app/iOU";
			};
			name = Debug;
		};
		AB9417621B99DEB70011C471 /* Release */ = {
			isa = XCBuildConfiguration;
			buildSettings = {
				BUNDLE_LOADER = "$(TEST_HOST)";
				FRAMEWORK_SEARCH_PATHS = (
					"$(SDKROOT)/Developer/Library/Frameworks",
					"$(inherited)",
				);
				INFOPLIST_FILE = iOUTests/Info.plist;
				LD_RUNPATH_SEARCH_PATHS = "$(inherited) @executable_path/Frameworks @loader_path/Frameworks";
				PRODUCT_NAME = "$(TARGET_NAME)";
				TEST_HOST = "$(BUILT_PRODUCTS_DIR)/iOU.app/iOU";
			};
			name = Release;
		};
/* End XCBuildConfiguration section */

/* Begin XCConfigurationList section */
		AB9417361B99DEB60011C471 /* Build configuration list for PBXProject "iOU" */ = {
			isa = XCConfigurationList;
			buildConfigurations = (
				AB94175B1B99DEB70011C471 /* Debug */,
				AB94175C1B99DEB70011C471 /* Release */,
			);
			defaultConfigurationIsVisible = 0;
			defaultConfigurationName = Release;
		};
		AB94175D1B99DEB70011C471 /* Build configuration list for PBXNativeTarget "iOU" */ = {
			isa = XCConfigurationList;
			buildConfigurations = (
				AB94175E1B99DEB70011C471 /* Debug */,
				AB94175F1B99DEB70011C471 /* Release */,
			);
			defaultConfigurationIsVisible = 0;
			defaultConfigurationName = Release;
		};
		AB9417601B99DEB70011C471 /* Build configuration list for PBXNativeTarget "iOUTests" */ = {
			isa = XCConfigurationList;
			buildConfigurations = (
				AB9417611B99DEB70011C471 /* Debug */,
				AB9417621B99DEB70011C471 /* Release */,
			);
			defaultConfigurationIsVisible = 0;
			defaultConfigurationName = Release;
		};
/* End XCConfigurationList section */

/* Begin XCVersionGroup section */
		AB9417421B99DEB60011C471 /* iOU.xcdatamodeld */ = {
			isa = XCVersionGroup;
			children = (
				AB9417431B99DEB60011C471 /* iOU.xcdatamodel */,
			);
			currentVersion = AB9417431B99DEB60011C471 /* iOU.xcdatamodel */;
			path = iOU.xcdatamodeld;
			sourceTree = "<group>";
			versionGroupType = wrapper.xcdatamodel;
		};
/* End XCVersionGroup section */
	};
	rootObject = AB9417331B99DEB60011C471 /* Project object */;
}
